
Microsoft Visual Studio Solution File, Format Version 12.00
# Visual Studio Version 16
VisualStudioVersion = 16.0.31410.357
MinimumVisualStudioVersion = 10.0.40219.1
Project("{FAE04EC0-301F-11D3-BF4B-00C04F79EFBC}") = "GoToBedAlready", "GoToBedAlready\GoToBedAlready.csproj", "{A512CD7E-F399-480E-BCB4-EDFA145A6B88}"
EndProject
Global
	GlobalSection(SolutionConfigurationPlatforms) = preSolution
		Debug|Any CPU = Debug|Any CPU
		Release|Any CPU = Release|Any CPU
	EndGlobalSection
	GlobalSection(ProjectConfigurationPlatforms) = postSolution
		{A512CD7E-F399-480E-BCB4-EDFA145A6B88}.Debug|Any CPU.ActiveCfg = Debug|Any CPU
		{A512CD7E-F399-480E-BCB4-EDFA145A6B88}.Debug|Any CPU.Build.0 = Debug|Any CPU
		{A512CD7E-F399-480E-BCB4-EDFA145A6B88}.Release|Any CPU.ActiveCfg = Release|Any CPU
		{A512CD7E-F399-480E-BCB4-EDFA145A6B88}.Release|Any CPU.Build.0 = Release|Any CPU
	EndGlobalSection
	GlobalSection(SolutionProperties) = preSolution
		HideSolutionNode = FALSE
	EndGlobalSection
	GlobalSection(ExtensibilityGlobals) = postSolution
		SolutionGuid = {E778C531-03BD-4CB0-84FD-B977E5E12745}
	EndGlobalSection
EndGlobal
